Microsoft Visual Studio Solution File, Format Version 12.00
# Visual Studio Version 17
VisualStudioVersion = 17.5.2.0
MinimumVisualStudioVersion = 10.0.40219.1
Project("{FAE04EC0-301F-11D3-BF4B-00C04F79EFBC}") = "DocFXMustache", "src/DocFXMustache.csproj", "{A424C526-5A3A-E84B-28F2-DE94EF16B22C}"
EndProject
Global
	GlobalSection(SolutionConfigurationPlatforms) = preSolution
		Debug|Any CPU = Debug|Any CPU
		Release|Any CPU = Release|Any CPU
	EndGlobalSection
	GlobalSection(ProjectConfigurationPlatforms) = postSolution
		{A424C526-5A3A-E84B-28F2-DE94EF16B22C}.Debug|Any CPU.ActiveCfg = Debug|Any CPU
		{A424C526-5A3A-E84B-28F2-DE94EF16B22C}.Debug|Any CPU.Build.0 = Debug|Any CPU
		{A424C526-5A3A-E84B-28F2-DE94EF16B22C}.Release|Any CPU.ActiveCfg = Release|Any CPU
		{A424C526-5A3A-E84B-28F2-DE94EF16B22C}.Release|Any CPU.Build.0 = Release|Any CPU
	EndGlobalSection
	GlobalSection(SolutionProperties) = preSolution
		HideSolutionNode = FALSE
	EndGlobalSection
	GlobalSection(ExtensibilityGlobals) = postSolution
		SolutionGuid = {013C061A-6232-4808-AB18-17919D59C61D}
	EndGlobalSection
EndGlobal
